Microsoft Visual Studio Solution File, Format Version 12.00
# Visual Studio Version 17
VisualStudioVersion = 17.5.2.0
MinimumVisualStudioVersion = 10.0.40219.1
Project("{FAE04EC0-301F-11D3-BF4B-00C04F79EFBC}") = "recam-backend", "recam-backend\recam-backend.csproj", "{060FCAD2-AF3C-EFF7-667F-D9266348B502}"
EndProject
Global
	GlobalSection(SolutionConfigurationPlatforms) = preSolution
		Debug|Any CPU = Debug|Any CPU
		Release|Any CPU = Release|Any CPU
	EndGlobalSection
	GlobalSection(ProjectConfigurationPlatforms) = postSolution
		{060FCAD2-AF3C-EFF7-667F-D9266348B502}.Debug|Any CPU.ActiveCfg = Debug|Any CPU
		{060FCAD2-AF3C-EFF7-667F-D9266348B502}.Debug|Any CPU.Build.0 = Debug|Any CPU
		{060FCAD2-AF3C-EFF7-667F-D9266348B502}.Release|Any CPU.ActiveCfg = Release|Any CPU
		{060FCAD2-AF3C-EFF7-667F-D9266348B502}.Release|Any CPU.Build.0 = Release|Any CPU
	EndGlobalSection
	GlobalSection(SolutionProperties) = preSolution
		HideSolutionNode = FALSE
	EndGlobalSection
	GlobalSection(ExtensibilityGlobals) = postSolution
		SolutionGuid = {9024A586-73AE-4B44-9350-F5D61091D831}
	EndGlobalSection
EndGlobal
