
Microsoft Visual Studio Solution File, Format Version 12.00
# Visual Studio Version 17
VisualStudioVersion = 17.5.2.0
MinimumVisualStudioVersion = 10.0.40219.1
Project("{FAE04EC0-301F-11D3-BF4B-00C04F79EFBC}") = "RecamNewBackend", "RecamNewBackend.csproj", "{CA117F32-CF13-87FE-9C7B-EB489103FCD4}"
EndProject
Project("{2150E333-8FDC-42A3-9474-1A3956D46DE8}") = "Tests", "Tests", "{0AB3BF05-4346-4AA6-1389-037BE0695223}"
EndProject
Project("{FAE04EC0-301F-11D3-BF4B-00C04F79EFBC}") = "RecamNewBackend.Tests", "Tests\RecamNewBackend.Tests\RecamNewBackend.Tests.csproj", "{5D82FB39-6D00-45F1-90DB-07DB017BFE9C}"
EndProject
Global
	GlobalSection(SolutionConfigurationPlatforms) = preSolution
		Debug|Any CPU = Debug|Any CPU
		Debug|x64 = Debug|x64
		Debug|x86 = Debug|x86
		Release|Any CPU = Release|Any CPU
		Release|x64 = Release|x64
		Release|x86 = Release|x86
	EndGlobalSection
	GlobalSection(ProjectConfigurationPlatforms) = postSolution
		{CA117F32-CF13-87FE-9C7B-EB489103FCD4}.Debug|Any CPU.ActiveCfg = Debug|Any CPU
		{CA117F32-CF13-87FE-9C7B-EB489103FCD4}.Debug|Any CPU.Build.0 = Debug|Any CPU
		{CA117F32-CF13-87FE-9C7B-EB489103FCD4}.Debug|x64.ActiveCfg = Debug|Any CPU
		{CA117F32-CF13-87FE-9C7B-EB489103FCD4}.Debug|x64.Build.0 = Debug|Any CPU
		{CA117F32-CF13-87FE-9C7B-EB489103FCD4}.Debug|x86.ActiveCfg = Debug|Any CPU
		{CA117F32-CF13-87FE-9C7B-EB489103FCD4}.Debug|x86.Build.0 = Debug|Any CPU
		{CA117F32-CF13-87FE-9C7B-EB489103FCD4}.Release|Any CPU.ActiveCfg = Release|Any CPU
		{CA117F32-CF13-87FE-9C7B-EB489103FCD4}.Release|Any CPU.Build.0 = Release|Any CPU
		{CA117F32-CF13-87FE-9C7B-EB489103FCD4}.Release|x64.ActiveCfg = Release|Any CPU
		{CA117F32-CF13-87FE-9C7B-EB489103FCD4}.Release|x64.Build.0 = Release|Any CPU
		{CA117F32-CF13-87FE-9C7B-EB489103FCD4}.Release|x86.ActiveCfg = Release|Any CPU
		{CA117F32-CF13-87FE-9C7B-EB489103FCD4}.Release|x86.Build.0 = Release|Any CPU
		{5D82FB39-6D00-45F1-90DB-07DB017BFE9C}.Debug|Any CPU.ActiveCfg = Debug|Any CPU
		{5D82FB39-6D00-45F1-90DB-07DB017BFE9C}.Debug|Any CPU.Build.0 = Debug|Any CPU
		{5D82FB39-6D00-45F1-90DB-07DB017BFE9C}.Debug|x64.ActiveCfg = Debug|Any CPU
		{5D82FB39-6D00-45F1-90DB-07DB017BFE9C}.Debug|x64.Build.0 = Debug|Any CPU
		{5D82FB39-6D00-45F1-90DB-07DB017BFE9C}.Debug|x86.ActiveCfg = Debug|Any CPU
		{5D82FB39-6D00-45F1-90DB-07DB017BFE9C}.Debug|x86.Build.0 = Debug|Any CPU
		{5D82FB39-6D00-45F1-90DB-07DB017BFE9C}.Release|Any CPU.ActiveCfg = Release|Any CPU
		{5D82FB39-6D00-45F1-90DB-07DB017BFE9C}.Release|Any CPU.Build.0 = Release|Any CPU
		{5D82FB39-6D00-45F1-90DB-07DB017BFE9C}.Release|x64.ActiveCfg = Release|Any CPU
		{5D82FB39-6D00-45F1-90DB-07DB017BFE9C}.Release|x64.Build.0 = Release|Any CPU
		{5D82FB39-6D00-45F1-90DB-07DB017BFE9C}.Release|x86.ActiveCfg = Release|Any CPU
		{5D82FB39-6D00-45F1-90DB-07DB017BFE9C}.Release|x86.Build.0 = Release|Any CPU
	EndGlobalSection
	GlobalSection(SolutionProperties) = preSolution
		HideSolutionNode = FALSE
	EndGlobalSection
	GlobalSection(NestedProjects) = preSolution
		{5D82FB39-6D00-45F1-90DB-07DB017BFE9C} = {0AB3BF05-4346-4AA6-1389-037BE0695223}
	EndGlobalSection
	GlobalSection(ExtensibilityGlobals) = postSolution
		SolutionGuid = {917C9642-43A6-4845-9E8E-379BD215ED96}
	EndGlobalSection
EndGlobal
